
Microsoft Visual Studio Solution File, Format Version 12.00
# Visual Studio Version 16
VisualStudioVersion = 16.0.31624.102
MinimumVisualStudioVersion = 10.0.40219.1
Project("{9A19103F-16F7-4668-BE54-9A1E7A4F7556}") = "HostIsle.Web.Tests", "HostIsle.Tests\HostIsle.Web.Tests.csproj", "{AFA97D33-5DAE-4D82-B6F2-92230ADFE9F2}"
EndProject
Project("{9A19103F-16F7-4668-BE54-9A1E7A4F7556}") = "HostIsle.Services", "HostIsle.Services\HostIsle.Services.csproj", "{2C5328E6-AB33-46FA-97D3-57F0100881C4}"
EndProject
Project("{9A19103F-16F7-4668-BE54-9A1E7A4F7556}") = "HostIsle.Data", "HostIsle.Data\HostIsle.Data.csproj", "{37715289-2E46-4941-817F-6C03E4901D72}"
EndProject
Project("{2150E333-8FDC-42A3-9474-1A3956D46DE8}") = "Data", "Data", "{BDF0806E-290C-4E0F-B821-046207BC69D0}"
EndProject
Project("{9A19103F-16F7-4668-BE54-9A1E7A4F7556}") = "HostIsle.Data.Models.Common", "HostIsle.Data.Models.Common\HostIsle.Data.Models.Common.csproj", "{EE0E57A3-3AED-491B-9FBB-45894738C310}"
EndProject
Project("{9A19103F-16F7-4668-BE54-9A1E7A4F7556}") = "HostIsle.Data.Models.Restaurants", "HostIsle.Data.Models.Restaurants\HostIsle.Data.Models.Restaurants.csproj", "{845C2A1F-6054-469B-94BA-CF398440ABCE}"
EndProject
Project("{9A19103F-16F7-4668-BE54-9A1E7A4F7556}") = "HostIsle.Data.Models.Hotels", "HostIsle.Data.Models.Hotels\HostIsle.Data.Models.Hotels.csproj", "{C0DEFA57-CD3A-40D8-9CBD-B86D92B8520F}"
EndProject
Project("{2150E333-8FDC-42A3-9474-1A3956D46DE8}") = "Services", "Services", "{19085B29-1023-4766-8E08-01597BF76F76}"
EndProject
Project("{2150E333-8FDC-42A3-9474-1A3956D46DE8}") = "Web", "Web", "{DDFCC806-E40E-41AA-A2E7-A83306388036}"
EndProject
Project("{9A19103F-16F7-4668-BE54-9A1E7A4F7556}") = "HostIsle.Web", "HostIsle.Web\HostIsle.Web.csproj", "{49210A0E-507F-4A3A-9B08-D0198C5E32EA}"
EndProject
Project("{9A19103F-16F7-4668-BE54-9A1E7A4F7556}") = "HostIsle.Web.Hotels", "HostIsle.Web.Hotels\HostIsle.Web.Hotels.csproj", "{D8856F47-D0AD-420C-8FD6-4A64FB46EB01}"
	ProjectSection(ProjectDependencies) = postProject
		{2C5328E6-AB33-46FA-97D3-57F0100881C4} = {2C5328E6-AB33-46FA-97D3-57F0100881C4}
	EndProjectSection
EndProject
Project("{2150E333-8FDC-42A3-9474-1A3956D46DE8}") = "Tests", "Tests", "{54A169CE-186F-421E-9489-826FABE58267}"
EndProject
Project("{9A19103F-16F7-4668-BE54-9A1E7A4F7556}") = "HostIsle.Web.Hotels.Tests", "HostIsle.Web.Hotels.Tests\HostIsle.Web.Hotels.Tests.csproj", "{4DEDC1A8-7E75-4206-8287-27AC55B8159E}"
EndProject
Project("{9A19103F-16F7-4668-BE54-9A1E7A4F7556}") = "HostIsle.Web.Restaurants.Tests", "HostIsle.Web.Restaurants.Tests\HostIsle.Web.Restaurants.Tests.csproj", "{8E3161FA-15DC-4CB9-BB1E-CA96F2DCFBD2}"
EndProject
Project("{9A19103F-16F7-4668-BE54-9A1E7A4F7556}") = "HostIsle.Web.ViewModels", "HostIsle.Web.ViewModels\HostIsle.Web.ViewModels.csproj", "{416024A9-AA2F-4459-98AF-74F60F49118B}"
EndProject
Project("{9A19103F-16F7-4668-BE54-9A1E7A4F7556}") = "HostIsle.Web.Restaurants", "HostIsle.Web.Restaurants\HostIsle.Web.Restaurants.csproj", "{FCCCFAA8-236E-4B2A-80CC-5FEEEAFA1679}"
EndProject
Project("{FAE04EC0-301F-11D3-BF4B-00C04F79EFBC}") = "HostIsle.Hotels.Services", "HostIsle.Hotels.Services\HostIsle.Hotels.Services.csproj", "{0EB42192-06BA-4CFD-9ABB-F3F996DCD3CA}"
EndProject
Project("{FAE04EC0-301F-11D3-BF4B-00C04F79EFBC}") = "HostIsle.Restaurants.Services", "HostIsle.Restaurants.Services\HostIsle.Restaurants.Services.csproj", "{6A2C3B25-02AA-434A-8311-9C461C753FA5}"
EndProject
Project("{FAE04EC0-301F-11D3-BF4B-00C04F79EFBC}") = "HotelCollab.Services", "HotelCollab.Services\HotelCollab.Services.csproj", "{B7DC1444-A5E4-4446-BFB7-266F127752E9}"
EndProject
Global
	GlobalSection(SolutionConfigurationPlatforms) = preSolution
		Debug|Any CPU = Debug|Any CPU
		Debug|iPhone = Debug|iPhone
		Debug|iPhoneSimulator = Debug|iPhoneSimulator
		Release|Any CPU = Release|Any CPU
		Release|iPhone = Release|iPhone
		Release|iPhoneSimulator = Release|iPhoneSimulator
	EndGlobalSection
	GlobalSection(ProjectConfigurationPlatforms) = postSolution
		{AFA97D33-5DAE-4D82-B6F2-92230ADFE9F2}.Debug|Any CPU.ActiveCfg = Debug|Any CPU
		{AFA97D33-5DAE-4D82-B6F2-92230ADFE9F2}.Debug|Any CPU.Build.0 = Debug|Any CPU
		{AFA97D33-5DAE-4D82-B6F2-92230ADFE9F2}.Debug|iPhone.ActiveCfg = Debug|Any CPU
		{AFA97D33-5DAE-4D82-B6F2-92230ADFE9F2}.Debug|iPhone.Build.0 = Debug|Any CPU
		{AFA97D33-5DAE-4D82-B6F2-92230ADFE9F2}.Debug|iPhoneSimulator.ActiveCfg = Debug|Any CPU
		{AFA97D33-5DAE-4D82-B6F2-92230ADFE9F2}.Debug|iPhoneSimulator.Build.0 = Debug|Any CPU
		{AFA97D33-5DAE-4D82-B6F2-92230ADFE9F2}.Release|Any CPU.ActiveCfg = Release|Any CPU
		{AFA97D33-5DAE-4D82-B6F2-92230ADFE9F2}.Release|Any CPU.Build.0 = Release|Any CPU
		{AFA97D33-5DAE-4D82-B6F2-92230ADFE9F2}.Release|iPhone.ActiveCfg = Release|Any CPU
		{AFA97D33-5DAE-4D82-B6F2-92230ADFE9F2}.Release|iPhone.Build.0 = Release|Any CPU
		{AFA97D33-5DAE-4D82-B6F2-92230ADFE9F2}.Release|iPhoneSimulator.ActiveCfg = Release|Any CPU
		{AFA97D33-5DAE-4D82-B6F2-92230ADFE9F2}.Release|iPhoneSimulator.Build.0 = Release|Any CPU
		{2C5328E6-AB33-46FA-97D3-57F0100881C4}.Debug|Any CPU.ActiveCfg = Debug|Any CPU
		{2C5328E6-AB33-46FA-97D3-57F0100881C4}.Debug|Any CPU.Build.0 = Debug|Any CPU
		{2C5328E6-AB33-46FA-97D3-57F0100881C4}.Debug|iPhone.ActiveCfg = Debug|Any CPU
		{2C5328E6-AB33-46FA-97D3-57F0100881C4}.Debug|iPhone.Build.0 = Debug|Any CPU
		{2C5328E6-AB33-46FA-97D3-57F0100881C4}.Debug|iPhoneSimulator.ActiveCfg = Debug|Any CPU
		{2C5328E6-AB33-46FA-97D3-57F0100881C4}.Debug|iPhoneSimulator.Build.0 = Debug|Any CPU
		{2C5328E6-AB33-46FA-97D3-57F0100881C4}.Release|Any CPU.ActiveCfg = Release|Any CPU
		{2C5328E6-AB33-46FA-97D3-57F0100881C4}.Release|Any CPU.Build.0 = Release|Any CPU
		{2C5328E6-AB33-46FA-97D3-57F0100881C4}.Release|iPhone.ActiveCfg = Release|Any CPU
		{2C5328E6-AB33-46FA-97D3-57F0100881C4}.Release|iPhone.Build.0 = Release|Any CPU
		{2C5328E6-AB33-46FA-97D3-57F0100881C4}.Release|iPhoneSimulator.ActiveCfg = Release|Any CPU
		{2C5328E6-AB33-46FA-97D3-57F0100881C4}.Release|iPhoneSimulator.Build.0 = Release|Any CPU
		{37715289-2E46-4941-817F-6C03E4901D72}.Debug|Any CPU.ActiveCfg = Debug|Any CPU
		{37715289-2E46-4941-817F-6C03E4901D72}.Debug|Any CPU.Build.0 = Debug|Any CPU
		{37715289-2E46-4941-817F-6C03E4901D72}.Debug|iPhone.ActiveCfg = Debug|Any CPU
		{37715289-2E46-4941-817F-6C03E4901D72}.Debug|iPhone.Build.0 = Debug|Any CPU
		{37715289-2E46-4941-817F-6C03E4901D72}.Debug|iPhoneSimulator.ActiveCfg = Debug|Any CPU
		{37715289-2E46-4941-817F-6C03E4901D72}.Debug|iPhoneSimulator.Build.0 = Debug|Any CPU
		{37715289-2E46-4941-817F-6C03E4901D72}.Release|Any CPU.ActiveCfg = Release|Any CPU
		{37715289-2E46-4941-817F-6C03E4901D72}.Release|Any CPU.Build.0 = Release|Any CPU
		{37715289-2E46-4941-817F-6C03E4901D72}.Release|iPhone.ActiveCfg = Release|Any CPU
		{37715289-2E46-4941-817F-6C03E4901D72}.Release|iPhone.Build.0 = Release|Any CPU
		{37715289-2E46-4941-817F-6C03E4901D72}.Release|iPhoneSimulator.ActiveCfg = Release|Any CPU
		{37715289-2E46-4941-817F-6C03E4901D72}.Release|iPhoneSimulator.Build.0 = Release|Any CPU
		{EE0E57A3-3AED-491B-9FBB-45894738C310}.Debug|Any CPU.ActiveCfg = Debug|Any CPU
		{EE0E57A3-3AED-491B-9FBB-45894738C310}.Debug|Any CPU.Build.0 = Debug|Any CPU
		{EE0E57A3-3AED-491B-9FBB-45894738C310}.Debug|iPhone.ActiveCfg = Debug|Any CPU
		{EE0E57A3-3AED-491B-9FBB-45894738C310}.Debug|iPhone.Build.0 = Debug|Any CPU
		{EE0E57A3-3AED-491B-9FBB-45894738C310}.Debug|iPhoneSimulator.ActiveCfg = Debug|Any CPU
		{EE0E57A3-3AED-491B-9FBB-45894738C310}.Debug|iPhoneSimulator.Build.0 = Debug|Any CPU
		{EE0E57A3-3AED-491B-9FBB-45894738C310}.Release|Any CPU.ActiveCfg = Release|Any CPU
		{EE0E57A3-3AED-491B-9FBB-45894738C310}.Release|Any CPU.Build.0 = Release|Any CPU
		{EE0E57A3-3AED-491B-9FBB-45894738C310}.Release|iPhone.ActiveCfg = Release|Any CPU
		{EE0E57A3-3AED-491B-9FBB-45894738C310}.Release|iPhone.Build.0 = Release|Any CPU
		{EE0E57A3-3AED-491B-9FBB-45894738C310}.Release|iPhoneSimulator.ActiveCfg = Release|Any CPU
		{EE0E57A3-3AED-491B-9FBB-45894738C310}.Release|iPhoneSimulator.Build.0 = Release|Any CPU
		{845C2A1F-6054-469B-94BA-CF398440ABCE}.Debug|Any CPU.ActiveCfg = Debug|Any CPU
		{845C2A1F-6054-469B-94BA-CF398440ABCE}.Debug|Any CPU.Build.0 = Debug|Any CPU
		{845C2A1F-6054-469B-94BA-CF398440ABCE}.Debug|iPhone.ActiveCfg = Debug|Any CPU
		{845C2A1F-6054-469B-94BA-CF398440ABCE}.Debug|iPhone.Build.0 = Debug|Any CPU
		{845C2A1F-6054-469B-94BA-CF398440ABCE}.Debug|iPhoneSimulator.ActiveCfg = Debug|Any CPU
		{845C2A1F-6054-469B-94BA-CF398440ABCE}.Debug|iPhoneSimulator.Build.0 = Debug|Any CPU
		{845C2A1F-6054-469B-94BA-CF398440ABCE}.Release|Any CPU.ActiveCfg = Release|Any CPU
		{845C2A1F-6054-469B-94BA-CF398440ABCE}.Release|Any CPU.Build.0 = Release|Any CPU
		{845C2A1F-6054-469B-94BA-CF398440ABCE}.Release|iPhone.ActiveCfg = Release|Any CPU
		{845C2A1F-6054-469B-94BA-CF398440ABCE}.Release|iPhone.Build.0 = Release|Any CPU
		{845C2A1F-6054-469B-94BA-CF398440ABCE}.Release|iPhoneSimulator.ActiveCfg = Release|Any CPU
		{845C2A1F-6054-469B-94BA-CF398440ABCE}.Release|iPhoneSimulator.Build.0 = Release|Any CPU
		{C0DEFA57-CD3A-40D8-9CBD-B86D92B8520F}.Debug|Any CPU.ActiveCfg = Debug|Any CPU
		{C0DEFA57-CD3A-40D8-9CBD-B86D92B8520F}.Debug|Any CPU.Build.0 = Debug|Any CPU
		{C0DEFA57-CD3A-40D8-9CBD-B86D92B8520F}.Debug|iPhone.ActiveCfg = Debug|Any CPU
		{C0DEFA57-CD3A-40D8-9CBD-B86D92B8520F}.Debug|iPhone.Build.0 = Debug|Any CPU
		{C0DEFA57-CD3A-40D8-9CBD-B86D92B8520F}.Debug|iPhoneSimulator.ActiveCfg = Debug|Any CPU
		{C0DEFA57-CD3A-40D8-9CBD-B86D92B8520F}.Debug|iPhoneSimulator.Build.0 = Debug|Any CPU
		{C0DEFA57-CD3A-40D8-9CBD-B86D92B8520F}.Release|Any CPU.ActiveCfg = Release|Any CPU
		{C0DEFA57-CD3A-40D8-9CBD-B86D92B8520F}.Release|Any CPU.Build.0 = Release|Any CPU
		{C0DEFA57-CD3A-40D8-9CBD-B86D92B8520F}.Release|iPhone.ActiveCfg = Release|Any CPU
		{C0DEFA57-CD3A-40D8-9CBD-B86D92B8520F}.Release|iPhone.Build.0 = Release|Any CPU
		{C0DEFA57-CD3A-40D8-9CBD-B86D92B8520F}.Release|iPhoneSimulator.ActiveCfg = Release|Any CPU
		{C0DEFA57-CD3A-40D8-9CBD-B86D92B8520F}.Release|iPhoneSimulator.Build.0 = Release|Any CPU
		{49210A0E-507F-4A3A-9B08-D0198C5E32EA}.Debug|Any CPU.ActiveCfg = Debug|Any CPU
		{49210A0E-507F-4A3A-9B08-D0198C5E32EA}.Debug|Any CPU.Build.0 = Debug|Any CPU
		{49210A0E-507F-4A3A-9B08-D0198C5E32EA}.Debug|iPhone.ActiveCfg = Debug|Any CPU
		{49210A0E-507F-4A3A-9B08-D0198C5E32EA}.Debug|iPhone.Build.0 = Debug|Any CPU
		{49210A0E-507F-4A3A-9B08-D0198C5E32EA}.Debug|iPhoneSimulator.ActiveCfg = Debug|Any CPU
		{49210A0E-507F-4A3A-9B08-D0198C5E32EA}.Debug|iPhoneSimulator.Build.0 = Debug|Any CPU
		{49210A0E-507F-4A3A-9B08-D0198C5E32EA}.Release|Any CPU.ActiveCfg = Release|Any CPU
		{49210A0E-507F-4A3A-9B08-D0198C5E32EA}.Release|Any CPU.Build.0 = Release|Any CPU
		{49210A0E-507F-4A3A-9B08-D0198C5E32EA}.Release|iPhone.ActiveCfg = Release|Any CPU
		{49210A0E-507F-4A3A-9B08-D0198C5E32EA}.Release|iPhone.Build.0 = Release|Any CPU
		{49210A0E-507F-4A3A-9B08-D0198C5E32EA}.Release|iPhoneSimulator.ActiveCfg = Release|Any CPU
		{49210A0E-507F-4A3A-9B08-D0198C5E32EA}.Release|iPhoneSimulator.Build.0 = Release|Any CPU
		{D8856F47-D0AD-420C-8FD6-4A64FB46EB01}.Debug|Any CPU.ActiveCfg = Debug|Any CPU
		{D8856F47-D0AD-420C-8FD6-4A64FB46EB01}.Debug|Any CPU.Build.0 = Debug|Any CPU
		{D8856F47-D0AD-420C-8FD6-4A64FB46EB01}.Debug|iPhone.ActiveCfg = Debug|Any CPU
		{D8856F47-D0AD-420C-8FD6-4A64FB46EB01}.Debug|iPhone.Build.0 = Debug|Any CPU
		{D8856F47-D0AD-420C-8FD6-4A64FB46EB01}.Debug|iPhoneSimulator.ActiveCfg = Debug|Any CPU
		{D8856F47-D0AD-420C-8FD6-4A64FB46EB01}.Debug|iPhoneSimulator.Build.0 = Debug|Any CPU
		{D8856F47-D0AD-420C-8FD6-4A64FB46EB01}.Release|Any CPU.ActiveCfg = Release|Any CPU
		{D8856F47-D0AD-420C-8FD6-4A64FB46EB01}.Release|Any CPU.Build.0 = Release|Any CPU
		{D8856F47-D0AD-420C-8FD6-4A64FB46EB01}.Release|iPhone.ActiveCfg = Release|Any CPU
		{D8856F47-D0AD-420C-8FD6-4A64FB46EB01}.Release|iPhone.Build.0 = Release|Any CPU
		{D8856F47-D0AD-420C-8FD6-4A64FB46EB01}.Release|iPhoneSimulator.ActiveCfg = Release|Any CPU
		{D8856F47-D0AD-420C-8FD6-4A64FB46EB01}.Release|iPhoneSimulator.Build.0 = Release|Any CPU
		{4DEDC1A8-7E75-4206-8287-27AC55B8159E}.Debug|Any CPU.ActiveCfg = Debug|Any CPU
		{4DEDC1A8-7E75-4206-8287-27AC55B8159E}.Debug|Any CPU.Build.0 = Debug|Any CPU
		{4DEDC1A8-7E75-4206-8287-27AC55B8159E}.Debug|iPhone.ActiveCfg = Debug|Any CPU
		{4DEDC1A8-7E75-4206-8287-27AC55B8159E}.Debug|iPhone.Build.0 = Debug|Any CPU
		{4DEDC1A8-7E75-4206-8287-27AC55B8159E}.Debug|iPhoneSimulator.ActiveCfg = Debug|Any CPU
		{4DEDC1A8-7E75-4206-8287-27AC55B8159E}.Debug|iPhoneSimulator.Build.0 = Debug|Any CPU
		{4DEDC1A8-7E75-4206-8287-27AC55B8159E}.Release|Any CPU.ActiveCfg = Release|Any CPU
		{4DEDC1A8-7E75-4206-8287-27AC55B8159E}.Release|Any CPU.Build.0 = Release|Any CPU
		{4DEDC1A8-7E75-4206-8287-27AC55B8159E}.Release|iPhone.ActiveCfg = Release|Any CPU
		{4DEDC1A8-7E75-4206-8287-27AC55B8159E}.Release|iPhone.Build.0 = Release|Any CPU
		{4DEDC1A8-7E75-4206-8287-27AC55B8159E}.Release|iPhoneSimulator.ActiveCfg = Release|Any CPU
		{4DEDC1A8-7E75-4206-8287-27AC55B8159E}.Release|iPhoneSimulator.Build.0 = Release|Any CPU
		{8E3161FA-15DC-4CB9-BB1E-CA96F2DCFBD2}.Debug|Any CPU.ActiveCfg = Debug|Any CPU
		{8E3161FA-15DC-4CB9-BB1E-CA96F2DCFBD2}.Debug|Any CPU.Build.0 = Debug|Any CPU
		{8E3161FA-15DC-4CB9-BB1E-CA96F2DCFBD2}.Debug|iPhone.ActiveCfg = Debug|Any CPU
		{8E3161FA-15DC-4CB9-BB1E-CA96F2DCFBD2}.Debug|iPhone.Build.0 = Debug|Any CPU
		{8E3161FA-15DC-4CB9-BB1E-CA96F2DCFBD2}.Debug|iPhoneSimulator.ActiveCfg = Debug|Any CPU
		{8E3161FA-15DC-4CB9-BB1E-CA96F2DCFBD2}.Debug|iPhoneSimulator.Build.0 = Debug|Any CPU
		{8E3161FA-15DC-4CB9-BB1E-CA96F2DCFBD2}.Release|Any CPU.ActiveCfg = Release|Any CPU
		{8E3161FA-15DC-4CB9-BB1E-CA96F2DCFBD2}.Release|Any CPU.Build.0 = Release|Any CPU
		{8E3161FA-15DC-4CB9-BB1E-CA96F2DCFBD2}.Release|iPhone.ActiveCfg = Release|Any CPU
		{8E3161FA-15DC-4CB9-BB1E-CA96F2DCFBD2}.Release|iPhone.Build.0 = Release|Any CPU
		{8E3161FA-15DC-4CB9-BB1E-CA96F2DCFBD2}.Release|iPhoneSimulator.ActiveCfg = Release|Any CPU
		{8E3161FA-15DC-4CB9-BB1E-CA96F2DCFBD2}.Release|iPhoneSimulator.Build.0 = Release|Any CPU
		{416024A9-AA2F-4459-98AF-74F60F49118B}.Debug|Any CPU.ActiveCfg = Debug|Any CPU
		{416024A9-AA2F-4459-98AF-74F60F49118B}.Debug|Any CPU.Build.0 = Debug|Any CPU
		{416024A9-AA2F-4459-98AF-74F60F49118B}.Debug|iPhone.ActiveCfg = Debug|Any CPU
		{416024A9-AA2F-4459-98AF-74F60F49118B}.Debug|iPhone.Build.0 = Debug|Any CPU
		{416024A9-AA2F-4459-98AF-74F60F49118B}.Debug|iPhoneSimulator.ActiveCfg = Debug|Any CPU
		{416024A9-AA2F-4459-98AF-74F60F49118B}.Debug|iPhoneSimulator.Build.0 = Debug|Any CPU
		{416024A9-AA2F-4459-98AF-74F60F49118B}.Release|Any CPU.ActiveCfg = Release|Any CPU
		{416024A9-AA2F-4459-98AF-74F60F49118B}.Release|Any CPU.Build.0 = Release|Any CPU
		{416024A9-AA2F-4459-98AF-74F60F49118B}.Release|iPhone.ActiveCfg = Release|Any CPU
		{416024A9-AA2F-4459-98AF-74F60F49118B}.Release|iPhone.Build.0 = Release|Any CPU
		{416024A9-AA2F-4459-98AF-74F60F49118B}.Release|iPhoneSimulator.ActiveCfg = Release|Any CPU
		{416024A9-AA2F-4459-98AF-74F60F49118B}.Release|iPhoneSimulator.Build.0 = Release|Any CPU
		{FCCCFAA8-236E-4B2A-80CC-5FEEEAFA1679}.Debug|Any CPU.ActiveCfg = Debug|Any CPU
		{FCCCFAA8-236E-4B2A-80CC-5FEEEAFA1679}.Debug|Any CPU.Build.0 = Debug|Any CPU
		{FCCCFAA8-236E-4B2A-80CC-5FEEEAFA1679}.Debug|iPhone.ActiveCfg = Debug|Any CPU
		{FCCCFAA8-236E-4B2A-80CC-5FEEEAFA1679}.Debug|iPhone.Build.0 = Debug|Any CPU
		{FCCCFAA8-236E-4B2A-80CC-5FEEEAFA1679}.Debug|iPhoneSimulator.ActiveCfg = Debug|Any CPU
		{FCCCFAA8-236E-4B2A-80CC-5FEEEAFA1679}.Debug|iPhoneSimulator.Build.0 = Debug|Any CPU
		{FCCCFAA8-236E-4B2A-80CC-5FEEEAFA1679}.Release|Any CPU.ActiveCfg = Release|Any CPU
		{FCCCFAA8-236E-4B2A-80CC-5FEEEAFA1679}.Release|Any CPU.Build.0 = Release|Any CPU
		{FCCCFAA8-236E-4B2A-80CC-5FEEEAFA1679}.Release|iPhone.ActiveCfg = Release|Any CPU
		{FCCCFAA8-236E-4B2A-80CC-5FEEEAFA1679}.Release|iPhone.Build.0 = Release|Any CPU
		{FCCCFAA8-236E-4B2A-80CC-5FEEEAFA1679}.Release|iPhoneSimulator.ActiveCfg = Release|Any CPU
		{FCCCFAA8-236E-4B2A-80CC-5FEEEAFA1679}.Release|iPhoneSimulator.Build.0 = Release|Any CPU
		{0EB42192-06BA-4CFD-9ABB-F3F996DCD3CA}.Debug|Any CPU.ActiveCfg = Debug|Any CPU
		{0EB42192-06BA-4CFD-9ABB-F3F996DCD3CA}.Debug|Any CPU.Build.0 = Debug|Any CPU
		{0EB42192-06BA-4CFD-9ABB-F3F996DCD3CA}.Debug|iPhone.ActiveCfg = Debug|Any CPU
		{0EB42192-06BA-4CFD-9ABB-F3F996DCD3CA}.Debug|iPhone.Build.0 = Debug|Any CPU
		{0EB42192-06BA-4CFD-9ABB-F3F996DCD3CA}.Debug|iPhoneSimulator.ActiveCfg = Debug|Any CPU
		{0EB42192-06BA-4CFD-9ABB-F3F996DCD3CA}.Debug|iPhoneSimulator.Build.0 = Debug|Any CPU
		{0EB42192-06BA-4CFD-9ABB-F3F996DCD3CA}.Release|Any CPU.ActiveCfg = Release|Any CPU
		{0EB42192-06BA-4CFD-9ABB-F3F996DCD3CA}.Release|Any CPU.Build.0 = Release|Any CPU
		{0EB42192-06BA-4CFD-9ABB-F3F996DCD3CA}.Release|iPhone.ActiveCfg = Release|Any CPU
		{0EB42192-06BA-4CFD-9ABB-F3F996DCD3CA}.Release|iPhone.Build.0 = Release|Any CPU
		{0EB42192-06BA-4CFD-9ABB-F3F996DCD3CA}.Release|iPhoneSimulator.ActiveCfg = Release|Any CPU
		{0EB42192-06BA-4CFD-9ABB-F3F996DCD3CA}.Release|iPhoneSimulator.Build.0 = Release|Any CPU
		{6A2C3B25-02AA-434A-8311-9C461C753FA5}.Debug|Any CPU.ActiveCfg = Debug|Any CPU
		{6A2C3B25-02AA-434A-8311-9C461C753FA5}.Debug|Any CPU.Build.0 = Debug|Any CPU
		{6A2C3B25-02AA-434A-8311-9C461C753FA5}.Debug|iPhone.ActiveCfg = Debug|Any CPU
		{6A2C3B25-02AA-434A-8311-9C461C753FA5}.Debug|iPhone.Build.0 = Debug|Any CPU
		{6A2C3B25-02AA-434A-8311-9C461C753FA5}.Debug|iPhoneSimulator.ActiveCfg = Debug|Any CPU
		{6A2C3B25-02AA-434A-8311-9C461C753FA5}.Debug|iPhoneSimulator.Build.0 = Debug|Any CPU
		{6A2C3B25-02AA-434A-8311-9C461C753FA5}.Release|Any CPU.ActiveCfg = Release|Any CPU
		{6A2C3B25-02AA-434A-8311-9C461C753FA5}.Release|Any CPU.Build.0 = Release|Any CPU
		{6A2C3B25-02AA-434A-8311-9C461C753FA5}.Release|iPhone.ActiveCfg = Release|Any CPU
		{6A2C3B25-02AA-434A-8311-9C461C753FA5}.Release|iPhone.Build.0 = Release|Any CPU
		{6A2C3B25-02AA-434A-8311-9C461C753FA5}.Release|iPhoneSimulator.ActiveCfg = Release|Any CPU
		{6A2C3B25-02AA-434A-8311-9C461C753FA5}.Release|iPhoneSimulator.Build.0 = Release|Any CPU
		{B7DC1444-A5E4-4446-BFB7-266F127752E9}.Debug|Any CPU.ActiveCfg = Debug|Any CPU
		{B7DC1444-A5E4-4446-BFB7-266F127752E9}.Debug|Any CPU.Build.0 = Debug|Any CPU
		{B7DC1444-A5E4-4446-BFB7-266F127752E9}.Debug|iPhone.ActiveCfg = Debug|Any CPU
		{B7DC1444-A5E4-4446-BFB7-266F127752E9}.Debug|iPhone.Build.0 = Debug|Any CPU
		{B7DC1444-A5E4-4446-BFB7-266F127752E9}.Debug|iPhoneSimulator.ActiveCfg = Debug|Any CPU
		{B7DC1444-A5E4-4446-BFB7-266F127752E9}.Debug|iPhoneSimulator.Build.0 = Debug|Any CPU
		{B7DC1444-A5E4-4446-BFB7-266F127752E9}.Release|Any CPU.ActiveCfg = Release|Any CPU
		{B7DC1444-A5E4-4446-BFB7-266F127752E9}.Release|Any CPU.Build.0 = Release|Any CPU
		{B7DC1444-A5E4-4446-BFB7-266F127752E9}.Release|iPhone.ActiveCfg = Release|Any CPU
		{B7DC1444-A5E4-4446-BFB7-266F127752E9}.Release|iPhone.Build.0 = Release|Any CPU
		{B7DC1444-A5E4-4446-BFB7-266F127752E9}.Release|iPhoneSimulator.ActiveCfg = Release|Any CPU
		{B7DC1444-A5E4-4446-BFB7-266F127752E9}.Release|iPhoneSimulator.Build.0 = Release|Any CPU
	EndGlobalSection
	GlobalSection(SolutionProperties) = preSolution
		HideSolutionNode = FALSE
	EndGlobalSection
	GlobalSection(NestedProjects) = preSolution
		{AFA97D33-5DAE-4D82-B6F2-92230ADFE9F2} = {54A169CE-186F-421E-9489-826FABE58267}
		{2C5328E6-AB33-46FA-97D3-57F0100881C4} = {19085B29-1023-4766-8E08-01597BF76F76}
		{37715289-2E46-4941-817F-6C03E4901D72} = {BDF0806E-290C-4E0F-B821-046207BC69D0}
		{EE0E57A3-3AED-491B-9FBB-45894738C310} = {BDF0806E-290C-4E0F-B821-046207BC69D0}
		{845C2A1F-6054-469B-94BA-CF398440ABCE} = {BDF0806E-290C-4E0F-B821-046207BC69D0}
		{C0DEFA57-CD3A-40D8-9CBD-B86D92B8520F} = {BDF0806E-290C-4E0F-B821-046207BC69D0}
		{49210A0E-507F-4A3A-9B08-D0198C5E32EA} = {DDFCC806-E40E-41AA-A2E7-A83306388036}
		{D8856F47-D0AD-420C-8FD6-4A64FB46EB01} = {DDFCC806-E40E-41AA-A2E7-A83306388036}
		{4DEDC1A8-7E75-4206-8287-27AC55B8159E} = {54A169CE-186F-421E-9489-826FABE58267}
		{8E3161FA-15DC-4CB9-BB1E-CA96F2DCFBD2} = {54A169CE-186F-421E-9489-826FABE58267}
		{416024A9-AA2F-4459-98AF-74F60F49118B} = {DDFCC806-E40E-41AA-A2E7-A83306388036}
		{FCCCFAA8-236E-4B2A-80CC-5FEEEAFA1679} = {DDFCC806-E40E-41AA-A2E7-A83306388036}
		{0EB42192-06BA-4CFD-9ABB-F3F996DCD3CA} = {19085B29-1023-4766-8E08-01597BF76F76}
		{6A2C3B25-02AA-434A-8311-9C461C753FA5} = {19085B29-1023-4766-8E08-01597BF76F76}
		{B7DC1444-A5E4-4446-BFB7-266F127752E9} = {19085B29-1023-4766-8E08-01597BF76F76}
	EndGlobalSection
	GlobalSection(ExtensibilityGlobals) = postSolution
		SolutionGuid = {CB67CD13-8A0D-40E4-B635-99F16198EEBF}
	EndGlobalSection
EndGlobal
